
Microsoft Visual Studio Solution File, Format Version 12.00
# Visual Studio 15
VisualStudioVersion = 15.0.28307.136
MinimumVisualStudioVersion = 10.0.40219.1
Project("{FAE04EC0-301F-11D3-BF4B-00C04F79EFBC}") = "XMLEditor", "XMLEditor\XMLEditor.csproj", "{C10C0110-99F6-4787-BA85-A6D1431B183C}"
EndProject
Global
	GlobalSection(SolutionConfigurationPlatforms) = preSolution
		Debug|Any CPU = Debug|Any CPU
		Release|Any CPU = Release|Any CPU
	EndGlobalSection
	GlobalSection(ProjectConfigurationPlatforms) = postSolution
		{C10C0110-99F6-4787-BA85-A6D1431B183C}.Debug|Any CPU.ActiveCfg = Debug|Any CPU
		{C10C0110-99F6-4787-BA85-A6D1431B183C}.Debug|Any CPU.Build.0 = Debug|Any CPU
		{C10C0110-99F6-4787-BA85-A6D1431B183C}.Release|Any CPU.ActiveCfg = Release|Any CPU
		{C10C0110-99F6-4787-BA85-A6D1431B183C}.Release|Any CPU.Build.0 = Release|Any CPU
	EndGlobalSection
	GlobalSection(SolutionProperties) = preSolution
		HideSolutionNode = FALSE
	EndGlobalSection
	GlobalSection(ExtensibilityGlobals) = postSolution
		SolutionGuid = {C1867E63-289A-4954-8DEB-B3988E7B007C}
	EndGlobalSection
EndGlobal
